<Solution>
  <Project Path="Konu01Degiskenler/Konu01Degiskenler.csproj" />
  <Project Path="Konu02TipDonusumleri/Konu02TipDonusumleri.csproj" Id="a2a502a3-f800-458f-bf15-098fe72805f6" />
  <Project Path="Konu03Operatorler/Konu03Operatorler.csproj" Id="77d668b5-1c67-4f81-8c2d-b4aa24fe8158" />
  <Project Path="Konu04KararYapilari/Konu04KararYapilari.csproj" Id="41513b7b-d24b-4e0b-9132-8888acb7df1c" />
  <Project Path="Konu05Metotlar/Konu05Metotlar.csproj" Id="8cbd9508-d36d-4a01-ae13-0d600ce495f8" />
  <Project Path="Konu06Diziler/Konu06Diziler.csproj" Id="cc2ecb6b-e82d-4ffd-9b74-2c17d2f7a574" />
  <Project Path="Konu07Donguler/Konu07Donguler.csproj" Id="5fdfb931-95a2-4ae6-9563-9442edd9c6d3" />
  <Project Path="Konu08SiniflarClasses/Konu08SiniflarClasses.csproj" Id="a590a107-f2f1-4142-87ff-e12b9cb2d81e" />
</Solution>
